<?xml version="1.0" encoding="utf-8"?>
<Project ToolsVersion="4.0" xmlns="http://schemas.microsoft.com/developer/msbuild/2003">
  <ItemGroup>
    <Filter Include="Source Files">
      <UniqueIdentifier>{4FC737F1-C7A5-4376-A066-2A32D752A2FF}</UniqueIdentifier>
      <Extensions>cpp;c;cc;cxx;def;odl;idl;hpj;bat;asm;asmx</Extensions>
    </Filter>
    <Filter Include="Header Files">
      <UniqueIdentifier>{93995380-89BD-4b04-88EB-625FBE52EBFB}</UniqueIdentifier>
      <Extensions>h;hh;hpp;hxx;hm;inl;inc;xsd</Extensions>
    </Filter>
    <Filter Include="Resource Files">
      <UniqueIdentifier>{67DA6AB6-F800-4c08-8B7A-83BB121AAD01}</UniqueIdentifier>
      <Extensions>rc;ico;cur;bmp;dlg;rc2;rct;bin;rgs;gif;jpg;jpeg;jpe;resx;tiff;tif;png;wav;mfcribbon-ms</Extensions>
    </Filter>
  </ItemGroup>
  <ItemGroup>
    <ClCompile Include="main.cpp">
      <Filter>Source Files</Filter>
    </ClCompile>
    <ClCompile Include="Window.cpp">
      <Filter>Source Files</Filter>
    </ClCompile>
    <ClCompile Include="Ascan.cpp">
      <Filter>Source Files</Filter>
    </ClCompile>
    <ClCompile Include="Bscan.cpp">
      <Filter>Source Files</Filter>
    </ClCompile>
    <ClCompile Include="Point.cpp">
      <Filter>Source Files</Filter>
    </ClCompile>
    <ClCompile Include="HardwareInterface.cpp">
      <Filter>Source Files</Filter>
    </ClCompile>
    <ClCompile Include="NavigationEdge.cpp">
      <Filter>Source Files</Filter>
    </ClCompile>
    <ClCompile Include="FeatureDetector.cpp">
      <Filter>Source Files</Filter>
    </ClCompile>
    <ClCompile Include="DummyHardware.cpp">
      <Filter>Source Files</Filter>
    </ClCompile>
    <ClCompile Include="Communications.cpp">
      <Filter>Source Files</Filter>
    </ClCompile>
    <ClCompile Include="SimpleController.cpp">
      <Filter>Source Files</Filter>
    </ClCompile>
    <ClCompile Include="SimpleNavigator.cpp">
      <Filter>Source Files</Filter>
    </ClCompile>
    <ClCompile Include="Overlord.cpp">
      <Filter>Source Files</Filter>
    </ClCompile>
    <ClCompile Include="Log.cpp">
      <Filter>Source Files</Filter>
    </ClCompile>
    <ClCompile Include="Graph.cpp">
      <Filter>Source Files</Filter>
    </ClCompile>
    <ClCompile Include="GPR.cpp">
      <Filter>Source Files</Filter>
    </ClCompile>
    <ClCompile Include="Logger.cpp">
      <Filter>Source Files</Filter>
    </ClCompile>
    <ClCompile Include="VirtualPlatform.cpp">
      <Filter>Source Files</Filter>
    </ClCompile>
    <ClCompile Include="SimpleTexture.cpp">
      <Filter>Source Files</Filter>
    </ClCompile>
  </ItemGroup>
  <ItemGroup>
    <Library Include="SDL2.lib">
      <Filter>Resource Files</Filter>
    </Library>
    <Library Include="SDL2_net.lib">
      <Filter>Resource Files</Filter>
    </Library>
    <Library Include="SDL2main.lib">
      <Filter>Resource Files</Filter>
    </Library>
    <Library Include="GPRDLL.LIB">
      <Filter>Resource Files</Filter>
    </Library>
  </ItemGroup>
  <ItemGroup>
    <ClInclude Include="Window.h">
      <Filter>Header Files</Filter>
    </ClInclude>
    <ClInclude Include="Ascan.h">
      <Filter>Header Files</Filter>
    </ClInclude>
    <ClInclude Include="Bscan.h">
      <Filter>Header Files</Filter>
    </ClInclude>
    <ClInclude Include="NavigationSystem.h">
      <Filter>Header Files</Filter>
    </ClInclude>
    <ClInclude Include="Point.h">
      <Filter>Header Files</Filter>
    </ClInclude>
    <ClInclude Include="HardwareInterface.h">
      <Filter>Header Files</Filter>
    </ClInclude>
    <ClInclude Include="DriveController.h">
      <Filter>Header Files</Filter>
    </ClInclude>
    <ClInclude Include="NavigationEdge.h">
      <Filter>Header Files</Filter>
    </ClInclude>
    <ClInclude Include="FeatureDetector.h">
      <Filter>Header Files</Filter>
    </ClInclude>
    <ClInclude Include="DummyHardware.h">
      <Filter>Header Files</Filter>
    </ClInclude>
    <ClInclude Include="Communications.h">
      <Filter>Header Files</Filter>
    </ClInclude>
    <ClInclude Include="Log.h">
      <Filter>Header Files</Filter>
    </ClInclude>
    <ClInclude Include="SimpleController.h">
      <Filter>Header Files</Filter>
    </ClInclude>
    <ClInclude Include="SimpleNavigator.h">
      <Filter>Header Files</Filter>
    </ClInclude>
    <ClInclude Include="Overlord.h">
      <Filter>Header Files</Filter>
    </ClInclude>
    <ClInclude Include="Logger.h">
      <Filter>Header Files</Filter>
    </ClInclude>
    <ClInclude Include="Graph.h">
      <Filter>Header Files</Filter>
    </ClInclude>
    <ClInclude Include="GPR.h">
      <Filter>Header Files</Filter>
    </ClInclude>
    <ClInclude Include="csirousb.h">
      <Filter>Header Files</Filter>
    </ClInclude>
    <ClInclude Include="VirtualPlatform.h">
      <Filter>Header Files</Filter>
    </ClInclude>
    <ClInclude Include="SimpleTexture.h">
      <Filter>Header Files</Filter>
    </ClInclude>
    <ClInclude Include="SimpleTexture.h">
      <Filter>Header Files</Filter>
    </ClInclude>
  </ItemGroup>
  <ItemGroup>
    <None Include="..\makefile">
      <Filter>Resource Files</Filter>
    </None>
    <None Include="..\.travis.yml">
      <Filter>Resource Files</Filter>
    </None>
    <None Include="csirousb.inf">
      <Filter>Resource Files</Filter>
    </None>
    <None Include="csirousb.sys">
      <Filter>Resource Files</Filter>
    </None>
    <None Include="gprdll.dll">
      <Filter>Resource Files</Filter>
    </None>
    <None Include="GPRDLL.EXP">
      <Filter>Resource Files</Filter>
    </None>
  </ItemGroup>
</Project>